
Microsoft Visual Studio Solution File, Format Version 12.00
# Visual Studio Version 16
VisualStudioVersion = 16.0.29411.108
MinimumVisualStudioVersion = 10.0.40219.1
Project("{FAE04EC0-301F-11D3-BF4B-00C04F79EFBC}") = "Big_Bike_Store", "Big_Bike_Store\Big_Bike_Store.csproj", "{1EDF9A70-91C5-43C9-9BBA-9C00668FBFFA}"
EndProject
Global
	GlobalSection(SolutionConfigurationPlatforms) = preSolution
		Debug|Any CPU = Debug|Any CPU
		Release|Any CPU = Release|Any CPU
	EndGlobalSection
	GlobalSection(ProjectConfigurationPlatforms) = postSolution
		{1EDF9A70-91C5-43C9-9BBA-9C00668FBFFA}.Debug|Any CPU.ActiveCfg = Debug|Any CPU
		{1EDF9A70-91C5-43C9-9BBA-9C00668FBFFA}.Debug|Any CPU.Build.0 = Debug|Any CPU
		{1EDF9A70-91C5-43C9-9BBA-9C00668FBFFA}.Release|Any CPU.ActiveCfg = Release|Any CPU
		{1EDF9A70-91C5-43C9-9BBA-9C00668FBFFA}.Release|Any CPU.Build.0 = Release|Any CPU
	EndGlobalSection
	GlobalSection(SolutionProperties) = preSolution
		HideSolutionNode = FALSE
	EndGlobalSection
	GlobalSection(ExtensibilityGlobals) = postSolution
		SolutionGuid = {9909E4FB-791E-4708-8D12-1FA91666803C}
	EndGlobalSection
EndGlobal
